
Microsoft Visual Studio Solution File, Format Version 12.00
# Visual Studio Version 17
VisualStudioVersion = 17.6.33815.320
MinimumVisualStudioVersion = 10.0.40219.1
Project("{FAE04EC0-301F-11D3-BF4B-00C04F79EFBC}") = "WpfApp1", "WpfApp1\WpfApp1.csproj", "{EDA87E8B-9953-492A-84CE-64D10B3462DE}"
EndProject
Global
	GlobalSection(SolutionConfigurationPlatforms) = preSolution
		Debug|Any CPU = Debug|Any CPU
		Release|Any CPU = Release|Any CPU
	EndGlobalSection
	GlobalSection(ProjectConfigurationPlatforms) = postSolution
		{EDA87E8B-9953-492A-84CE-64D10B3462DE}.Debug|Any CPU.ActiveCfg = Debug|Any CPU
		{EDA87E8B-9953-492A-84CE-64D10B3462DE}.Debug|Any CPU.Build.0 = Debug|Any CPU
		{EDA87E8B-9953-492A-84CE-64D10B3462DE}.Release|Any CPU.ActiveCfg = Release|Any CPU
		{EDA87E8B-9953-492A-84CE-64D10B3462DE}.Release|Any CPU.Build.0 = Release|Any CPU
	EndGlobalSection
	GlobalSection(SolutionProperties) = preSolution
		HideSolutionNode = FALSE
	EndGlobalSection
	GlobalSection(ExtensibilityGlobals) = postSolution
		SolutionGuid = {A32A875B-97A5-4251-9F1D-73ABD0631E36}
	EndGlobalSection
EndGlobal
